<?xml version="1.0" encoding="utf-8"?>
<Project ToolsVersion="4.0" xmlns="http://schemas.microsoft.com/developer/msbuild/2003">
  <ItemGroup>
    <Filter Include="Source Files">
      <UniqueIdentifier>{4FC737F1-C7A5-4376-A066-2A32D752A2FF}</UniqueIdentifier>
      <Extensions>cpp;c;cc;cxx;c++;cppm;ixx;def;odl;idl;hpj;bat;asm;asmx</Extensions>
    </Filter>
    <Filter Include="Header Files">
      <UniqueIdentifier>{93995380-89BD-4b04-88EB-625FBE52EBFB}</UniqueIdentifier>
      <Extensions>h;hh;hpp;hxx;h++;hm;inl;inc;ipp;xsd</Extensions>
    </Filter>
    <Filter Include="Resource Files">
      <UniqueIdentifier>{67DA6AB6-F800-4c08-8B7A-83BB121AAD01}</UniqueIdentifier>
      <Extensions>rc;ico;cur;bmp;dlg;rc2;rct;bin;rgs;gif;jpg;jpeg;jpe;resx;tiff;tif;png;wav;mfcribbon-ms</Extensions>
    </Filter>
    <Filter Include="Includes">
      <UniqueIdentifier>{29e0712b-7c77-471c-ab30-464f2de174d2}</UniqueIdentifier>
    </Filter>
  </ItemGroup>
  <ItemGroup>
    <ClCompile Include="main.c">
      <Filter>Source Files</Filter>
    </ClCompile>
    <ClCompile Include="wm.c">
      <Filter>Source Files</Filter>
    </ClCompile>
    <ClCompile Include="heap.c">
      <Filter>Source Files</Filter>
    </ClCompile>
    <ClCompile Include="debug.c">
      <Filter>Source Files</Filter>
    </ClCompile>
    <ClCompile Include="thread.c">
      <Filter>Source Files</Filter>
    </ClCompile>
    <ClCompile Include="atomic.h">
      <Filter>Header Files</Filter>
    </ClCompile>
    <ClCompile Include="atomic.c">
      <Filter>Source Files</Filter>
    </ClCompile>
    <ClCompile Include="mutex.c">
      <Filter>Source Files</Filter>
    </ClCompile>
    <ClCompile Include="hw1.c">
      <Filter>Source Files</Filter>
    </ClCompile>
    <ClCompile Include="event.c">
      <Filter>Source Files</Filter>
    </ClCompile>
    <ClCompile Include="fs.c">
      <Filter>Source Files</Filter>
    </ClCompile>
    <ClCompile Include="queue.c">
      <Filter>Source Files</Filter>
    </ClCompile>
    <ClCompile Include="semaphore.c">
      <Filter>Source Files</Filter>
    </ClCompile>
    <ClCompile Include="include\tlsf\tlsf.c">
      <Filter>Includes</Filter>
    </ClCompile>
    <ClCompile Include="include\lz4\lz4.c">
      <Filter>Includes</Filter>
    </ClCompile>
    <ClCompile Include="include\lz4\lz4file.c">
      <Filter>Includes</Filter>
    </ClCompile>
    <ClCompile Include="include\lz4\lz4frame.c">
      <Filter>Includes</Filter>
    </ClCompile>
    <ClCompile Include="include\lz4\lz4hc.c">
      <Filter>Includes</Filter>
    </ClCompile>
    <ClCompile Include="include\lz4\xxhash.c">
      <Filter>Includes</Filter>
    </ClCompile>
    <ClCompile Include="hw2.c">
      <Filter>Source Files</Filter>
    </ClCompile>
  </ItemGroup>
  <ItemGroup>
    <ClInclude Include="wm.h">
      <Filter>Header Files</Filter>
    </ClInclude>
    <ClInclude Include="heap.h">
      <Filter>Header Files</Filter>
    </ClInclude>
    <ClInclude Include="debug.h">
      <Filter>Header Files</Filter>
    </ClInclude>
    <ClInclude Include="thread.h">
      <Filter>Header Files</Filter>
    </ClInclude>
    <ClInclude Include="mutex.h">
      <Filter>Header Files</Filter>
    </ClInclude>
    <ClInclude Include="hw1.h">
      <Filter>Header Files</Filter>
    </ClInclude>
    <ClInclude Include="event.h">
      <Filter>Header Files</Filter>
    </ClInclude>
    <ClInclude Include="fs.h">
      <Filter>Header Files</Filter>
    </ClInclude>
    <ClInclude Include="queue.h">
      <Filter>Header Files</Filter>
    </ClInclude>
    <ClInclude Include="semaphore.h">
      <Filter>Header Files</Filter>
    </ClInclude>
    <ClInclude Include="include\tlsf\tlsf.h">
      <Filter>Includes</Filter>
    </ClInclude>
    <ClInclude Include="include\lz4\lz4.h">
      <Filter>Includes</Filter>
    </ClInclude>
    <ClInclude Include="include\lz4\lz4file.h">
      <Filter>Includes</Filter>
    </ClInclude>
    <ClInclude Include="include\lz4\lz4frame.h">
      <Filter>Includes</Filter>
    </ClInclude>
    <ClInclude Include="include\lz4\lz4frame_static.h">
      <Filter>Includes</Filter>
    </ClInclude>
    <ClInclude Include="include\lz4\lz4hc.h">
      <Filter>Includes</Filter>
    </ClInclude>
    <ClInclude Include="include\lz4\xxhash.h">
      <Filter>Includes</Filter>
    </ClInclude>
    <ClInclude Include="hw2.h">
      <Filter>Header Files</Filter>
    </ClInclude>
  </ItemGroup>
</Project>