
Microsoft Visual Studio Solution File, Format Version 12.00
# Visual Studio Version 17
VisualStudioVersion = 17.2.32519.379
MinimumVisualStudioVersion = 10.0.40219.1
Project("{8BC9CEB8-8B4A-11D0-8D11-00A0C91BC942}") = "GAClass", "GAClass.vcxproj", "{F8742884-E681-46A1-82E6-DC848C3BD156}"
EndProject
Project("{8BC9CEB8-8B4A-11D0-8D11-00A0C91BC942}") = "cimgui_sdl", "cimgui_sdl.vcxproj", "{8B63EDCF-5F25-3E32-BE67-D9E7667D4F26}"
EndProject
Project("{8BC9CEB8-8B4A-11D0-8D11-00A0C91BC942}") = "ALL_BUILD", "ALL_BUILD.vcxproj", "{031BAA6B-E5FA-34E3-91C0-FBFE849B9D93}"
	ProjectSection(ProjectDependencies) = postProject
		{F8742884-E681-46A1-82E6-DC848C3BD156} = {F8742884-E681-46A1-82E6-DC848C3BD156}
	EndProjectSection
EndProject
Project("{8BC9CEB8-8B4A-11D0-8D11-00A0C91BC942}") = "ZERO_CHECK", "ZERO_CHECK.vcxproj", "{39C17E6D-C5EB-3B5F-8A57-C94C16FED974}"
EndProject
Global
	GlobalSection(SolutionConfigurationPlatforms) = preSolution
		Debug|x64 = Debug|x64
		Debug|x86 = Debug|x86
		MinSizeRel|x64 = MinSizeRel|x64
		MinSizeRel|x86 = MinSizeRel|x86
		Release|x64 = Release|x64
		Release|x86 = Release|x86
		RelWithDebInfo|x64 = RelWithDebInfo|x64
		RelWithDebInfo|x86 = RelWithDebInfo|x86
	EndGlobalSection
	GlobalSection(ProjectConfigurationPlatforms) = postSolution
		{F8742884-E681-46A1-82E6-DC848C3BD156}.Debug|x64.ActiveCfg = Debug|x64
		{F8742884-E681-46A1-82E6-DC848C3BD156}.Debug|x64.Build.0 = Debug|x64
		{F8742884-E681-46A1-82E6-DC848C3BD156}.Debug|x86.ActiveCfg = Debug|Win32
		{F8742884-E681-46A1-82E6-DC848C3BD156}.Debug|x86.Build.0 = Debug|Win32
		{F8742884-E681-46A1-82E6-DC848C3BD156}.MinSizeRel|x64.ActiveCfg = Release|x64
		{F8742884-E681-46A1-82E6-DC848C3BD156}.MinSizeRel|x64.Build.0 = Release|x64
		{F8742884-E681-46A1-82E6-DC848C3BD156}.MinSizeRel|x86.ActiveCfg = Release|Win32
		{F8742884-E681-46A1-82E6-DC848C3BD156}.MinSizeRel|x86.Build.0 = Release|Win32
		{F8742884-E681-46A1-82E6-DC848C3BD156}.Release|x64.ActiveCfg = Release|x64
		{F8742884-E681-46A1-82E6-DC848C3BD156}.Release|x64.Build.0 = Release|x64
		{F8742884-E681-46A1-82E6-DC848C3BD156}.Release|x86.ActiveCfg = Release|Win32
		{F8742884-E681-46A1-82E6-DC848C3BD156}.Release|x86.Build.0 = Release|Win32
		{F8742884-E681-46A1-82E6-DC848C3BD156}.RelWithDebInfo|x64.ActiveCfg = Release|x64
		{F8742884-E681-46A1-82E6-DC848C3BD156}.RelWithDebInfo|x64.Build.0 = Release|x64
		{F8742884-E681-46A1-82E6-DC848C3BD156}.RelWithDebInfo|x86.ActiveCfg = Release|Win32
		{F8742884-E681-46A1-82E6-DC848C3BD156}.RelWithDebInfo|x86.Build.0 = Release|Win32
		{8B63EDCF-5F25-3E32-BE67-D9E7667D4F26}.Debug|x64.ActiveCfg = Debug|x64
		{8B63EDCF-5F25-3E32-BE67-D9E7667D4F26}.Debug|x64.Build.0 = Debug|x64
		{8B63EDCF-5F25-3E32-BE67-D9E7667D4F26}.Debug|x86.ActiveCfg = Debug|x64
		{8B63EDCF-5F25-3E32-BE67-D9E7667D4F26}.Debug|x86.Build.0 = Debug|x64
		{8B63EDCF-5F25-3E32-BE67-D9E7667D4F26}.MinSizeRel|x64.ActiveCfg = MinSizeRel|x64
		{8B63EDCF-5F25-3E32-BE67-D9E7667D4F26}.MinSizeRel|x64.Build.0 = MinSizeRel|x64
		{8B63EDCF-5F25-3E32-BE67-D9E7667D4F26}.MinSizeRel|x86.ActiveCfg = MinSizeRel|x64
		{8B63EDCF-5F25-3E32-BE67-D9E7667D4F26}.MinSizeRel|x86.Build.0 = MinSizeRel|x64
		{8B63EDCF-5F25-3E32-BE67-D9E7667D4F26}.Release|x64.ActiveCfg = Release|x64
		{8B63EDCF-5F25-3E32-BE67-D9E7667D4F26}.Release|x64.Build.0 = Release|x64
		{8B63EDCF-5F25-3E32-BE67-D9E7667D4F26}.Release|x86.ActiveCfg = Release|x64
		{8B63EDCF-5F25-3E32-BE67-D9E7667D4F26}.Release|x86.Build.0 = Release|x64
		{8B63EDCF-5F25-3E32-BE67-D9E7667D4F26}.RelWithDebInfo|x64.ActiveCfg = RelWithDebInfo|x64
		{8B63EDCF-5F25-3E32-BE67-D9E7667D4F26}.RelWithDebInfo|x64.Build.0 = RelWithDebInfo|x64
		{8B63EDCF-5F25-3E32-BE67-D9E7667D4F26}.RelWithDebInfo|x86.ActiveCfg = RelWithDebInfo|x64
		{8B63EDCF-5F25-3E32-BE67-D9E7667D4F26}.RelWithDebInfo|x86.Build.0 = RelWithDebInfo|x64
		{031BAA6B-E5FA-34E3-91C0-FBFE849B9D93}.Debug|x64.ActiveCfg = Debug|x64
		{031BAA6B-E5FA-34E3-91C0-FBFE849B9D93}.Debug|x86.ActiveCfg = Debug|x64
		{031BAA6B-E5FA-34E3-91C0-FBFE849B9D93}.MinSizeRel|x64.ActiveCfg = MinSizeRel|x64
		{031BAA6B-E5FA-34E3-91C0-FBFE849B9D93}.MinSizeRel|x64.Build.0 = MinSizeRel|x64
		{031BAA6B-E5FA-34E3-91C0-FBFE849B9D93}.MinSizeRel|x86.ActiveCfg = MinSizeRel|x64
		{031BAA6B-E5FA-34E3-91C0-FBFE849B9D93}.MinSizeRel|x86.Build.0 = MinSizeRel|x64
		{031BAA6B-E5FA-34E3-91C0-FBFE849B9D93}.Release|x64.ActiveCfg = Release|x64
		{031BAA6B-E5FA-34E3-91C0-FBFE849B9D93}.Release|x64.Build.0 = Release|x64
		{031BAA6B-E5FA-34E3-91C0-FBFE849B9D93}.Release|x86.ActiveCfg = Release|x64
		{031BAA6B-E5FA-34E3-91C0-FBFE849B9D93}.Release|x86.Build.0 = Release|x64
		{031BAA6B-E5FA-34E3-91C0-FBFE849B9D93}.RelWithDebInfo|x64.ActiveCfg = RelWithDebInfo|x64
		{031BAA6B-E5FA-34E3-91C0-FBFE849B9D93}.RelWithDebInfo|x64.Build.0 = RelWithDebInfo|x64
		{031BAA6B-E5FA-34E3-91C0-FBFE849B9D93}.RelWithDebInfo|x86.ActiveCfg = RelWithDebInfo|x64
		{031BAA6B-E5FA-34E3-91C0-FBFE849B9D93}.RelWithDebInfo|x86.Build.0 = RelWithDebInfo|x64
		{39C17E6D-C5EB-3B5F-8A57-C94C16FED974}.Debug|x64.ActiveCfg = Debug|x64
		{39C17E6D-C5EB-3B5F-8A57-C94C16FED974}.Debug|x64.Build.0 = Debug|x64
		{39C17E6D-C5EB-3B5F-8A57-C94C16FED974}.Debug|x86.ActiveCfg = Debug|x64
		{39C17E6D-C5EB-3B5F-8A57-C94C16FED974}.Debug|x86.Build.0 = Debug|x64
		{39C17E6D-C5EB-3B5F-8A57-C94C16FED974}.MinSizeRel|x64.ActiveCfg = MinSizeRel|x64
		{39C17E6D-C5EB-3B5F-8A57-C94C16FED974}.MinSizeRel|x64.Build.0 = MinSizeRel|x64
		{39C17E6D-C5EB-3B5F-8A57-C94C16FED974}.MinSizeRel|x86.ActiveCfg = MinSizeRel|x64
		{39C17E6D-C5EB-3B5F-8A57-C94C16FED974}.MinSizeRel|x86.Build.0 = MinSizeRel|x64
		{39C17E6D-C5EB-3B5F-8A57-C94C16FED974}.Release|x64.ActiveCfg = Release|x64
		{39C17E6D-C5EB-3B5F-8A57-C94C16FED974}.Release|x64.Build.0 = Release|x64
		{39C17E6D-C5EB-3B5F-8A57-C94C16FED974}.Release|x86.ActiveCfg = Release|x64
		{39C17E6D-C5EB-3B5F-8A57-C94C16FED974}.Release|x86.Build.0 = Release|x64
		{39C17E6D-C5EB-3B5F-8A57-C94C16FED974}.RelWithDebInfo|x64.ActiveCfg = RelWithDebInfo|x64
		{39C17E6D-C5EB-3B5F-8A57-C94C16FED974}.RelWithDebInfo|x64.Build.0 = RelWithDebInfo|x64
		{39C17E6D-C5EB-3B5F-8A57-C94C16FED974}.RelWithDebInfo|x86.ActiveCfg = RelWithDebInfo|x64
		{39C17E6D-C5EB-3B5F-8A57-C94C16FED974}.RelWithDebInfo|x86.Build.0 = RelWithDebInfo|x64
	EndGlobalSection
	GlobalSection(SolutionProperties) = preSolution
		HideSolutionNode = FALSE
	EndGlobalSection
	GlobalSection(ExtensibilityGlobals) = postSolution
		SolutionGuid = {8C18287C-144D-40C5-92E7-27E6EFB82526}
	EndGlobalSection
EndGlobal
